
Microsoft Visual Studio Solution File, Format Version 12.00
# Visual Studio Version 17
VisualStudioVersion = 17.13.35931.197 d17.13
MinimumVisualStudioVersion = 10.0.40219.1
Project("{FAE04EC0-301F-11D3-BF4B-00C04F79EFBC}") = "UniFile", "UniFile.csproj", "{1F33DCE2-ADCC-4838-931E-43F202F18CBC}"
EndProject
Global
	GlobalSection(SolutionConfigurationPlatforms) = preSolution
		Debug|Any CPU = Debug|Any CPU
		Release|Any CPU = Release|Any CPU
	EndGlobalSection
	GlobalSection(ProjectConfigurationPlatforms) = postSolution
		{1F33DCE2-ADCC-4838-931E-43F202F18CBC}.Debug|Any CPU.ActiveCfg = Debug|Any CPU
		{1F33DCE2-ADCC-4838-931E-43F202F18CBC}.Debug|Any CPU.Build.0 = Debug|Any CPU
		{1F33DCE2-ADCC-4838-931E-43F202F18CBC}.Release|Any CPU.ActiveCfg = Release|Any CPU
		{1F33DCE2-ADCC-4838-931E-43F202F18CBC}.Release|Any CPU.Build.0 = Release|Any CPU
	EndGlobalSection
	GlobalSection(SolutionProperties) = preSolution
		HideSolutionNode = FALSE
	EndGlobalSection
	GlobalSection(ExtensibilityGlobals) = postSolution
		SolutionGuid = {FE3554A4-A96E-46A1-A1C8-C2DC5DCAA5BA}
	EndGlobalSection
EndGlobal
